
Microsoft Visual Studio Solution File, Format Version 12.00
# Visual Studio 15
VisualStudioVersion = 15.0.26730.16
MinimumVisualStudioVersion = 10.0.40219.1
Project("{FAE04EC0-301F-11D3-BF4B-00C04F79EFBC}") = "Mazer_Prodject", "Mazer_Prodject\Mazer_Prodject.csproj", "{5BC28A59-7E04-4AC4-A9C6-9E3F6957F64E}"
EndProject
Global
	GlobalSection(SolutionConfigurationPlatforms) = preSolution
		Debug|Any CPU = Debug|Any CPU
		Release|Any CPU = Release|Any CPU
	EndGlobalSection
	GlobalSection(ProjectConfigurationPlatforms) = postSolution
		{5BC28A59-7E04-4AC4-A9C6-9E3F6957F64E}.Debug|Any CPU.ActiveCfg = Debug|Any CPU
		{5BC28A59-7E04-4AC4-A9C6-9E3F6957F64E}.Debug|Any CPU.Build.0 = Debug|Any CPU
		{5BC28A59-7E04-4AC4-A9C6-9E3F6957F64E}.Release|Any CPU.ActiveCfg = Release|Any CPU
		{5BC28A59-7E04-4AC4-A9C6-9E3F6957F64E}.Release|Any CPU.Build.0 = Release|Any CPU
	EndGlobalSection
	GlobalSection(SolutionProperties) = preSolution
		HideSolutionNode = FALSE
	EndGlobalSection
	GlobalSection(ExtensibilityGlobals) = postSolution
		SolutionGuid = {3A4E07A4-1892-4F22-8CEE-518773E77FFE}
	EndGlobalSection
EndGlobal
